{
  "name": "test-package-new",
  "lockfileVersion": 2,
  "requires": true,
  "packages": {
    "": {
      "name": "test-package-new",
      "dependencies": {
        "ajv": "^8.6.2",
        "ajv-formats": "^2.1.1",
        "ajv-keywords": "^5.0.0",
        "pino": "^6.13.2",
        "redis": "^3.1.2",
        "test-package": "^0.0.1",
        "yup": "^0.32.9"
      },
      "devDependencies": {
        "@types/redis": "^2.8.31"
      }
    },
    "node_modules/@babel/runtime": {
      "version": "7.15.4",
      "resolved": "https://adityadataengg.jfrog.io/artifactory/api/npm/aggregation-demo-npm/@babel/runtime/-/runtime-7.15.4.tgz",
      "integrity": "sha1-/RfRa/34eObdAtGXU6OfqKjZyEo=",
      "license": "MIT",
      "dependencies": {
        "regenerator-runtime": "^0.13.4"
      },
      "engines": {
        "node": ">=6.9.0"
      }
    },
    "node_modules/@types/lodash": {
      "version": "4.14.172",
      "resolved": "https://adityadataengg.jfrog.io/artifactory/api/npm/aggregation-demo-npm/@types/lodash/-/lodash-4.14.172.tgz",
      "integrity": "sha1-qtd0wo57/Xpn3iVAjgPuWow9Aoo=",
      "license": "MIT"
    },
    "node_modules/@types/node": {
      "version": "16.9.1",
      "resolved": "https://adityadataengg.jfrog.io/artifactory/api/npm/aggregation-demo-npm/@types/node/-/node-16.9.1.tgz",
      "integrity": "sha1-BhGzfbQkbJN/7vUp3cwBjPjjVwg=",
      "dev": true,
      "license": "MIT"
    },
    "node_modules/@types/redis": {
      "version": "2.8.32",
      "resolved": "https://adityadataengg.jfrog.io/artifactory/api/npm/aggregation-demo-npm/@types/redis/-/redis-2.8.32.tgz",
      "integrity": "sha1-HTQwIZr77hD4z6OJ2tJXGgXs+xE=",
      "dev": true,
      "license": "MIT",
      "dependencies": {
        "@types/node": "*"
      }
    },
    "node_modules/ajv": {
      "version": "8.6.3",
      "resolved": "https://adityadataengg.jfrog.io/artifactory/api/npm/aggregation-demo-npm/ajv/-/ajv-8.6.3.tgz",
      "integrity": "sha1-EaZlJ3Ydw+mjhF6nddLTwEFOh2Q=",
      "license": "MIT",
      "dependencies": {
        "fast-deep-equal": "^3.1.1",
        "json-schema-traverse": "^1.0.0",
        "require-from-string": "^2.0.2",
        "uri-js": "^4.2.2"
      },
      "funding": {
        "type": "github",
        "url": "https://github.com/sponsors/epoberezkin"
      }
    },
    "node_modules/ajv-formats": {
      "version": "2.1.1",
      "resolved": "https://adityadataengg.jfrog.io/artifactory/api/npm/aggregation-demo-npm/ajv-formats/-/ajv-formats-2.1.1.tgz",
      "integrity": "sha1-bmaUAGWet0lzu/LjMycYCgmWtSA=",
      "license": "MIT",
      "dependencies": {
        "ajv": "^8.0.0"
      },
      "peerDependencies": {
        "ajv": "^8.0.0"
      },
      "peerDependenciesMeta": {
        "ajv": {
          "optional": true
        }
      }
    },
    "node_modules/ajv-keywords": {
      "version": "5.0.0",
      "resolved": "https://adityadataengg.jfrog.io/artifactory/api/npm/aggregation-demo-npm/ajv-keywords/-/ajv-keywords-5.0.0.tgz",
      "integrity": "sha1-0Bs7IXFbL2PQKqURuC/G6zswCDw=",
      "license": "MIT",
      "dependencies": {
        "fast-deep-equal": "^3.1.3"
      },
      "peerDependencies": {
        "ajv": "^8.0.0"
      }
    },
    "node_modules/atomic-sleep": {
      "version": "1.0.0",
      "resolved": "https://adityadataengg.jfrog.io/artifactory/api/npm/aggregation-demo-npm/atomic-sleep/-/atomic-sleep-1.0.0.tgz",
      "integrity": "sha1-64W3emAfyTLP5DLFrNNkqeLJB1s=",
      "license": "MIT",
      "engines": {
        "node": ">=8.0.0"
      }
    },
    "node_modules/denque": {
      "version": "1.5.1",
      "resolved": "https://adityadataengg.jfrog.io/artifactory/api/npm/aggregation-demo-npm/denque/-/denque-1.5.1.tgz",
      "integrity": "sha1-B/Zw4pyaePj67LJWah4sEZKcXL8=",
      "license": "Apache-2.0",
      "engines": {
        "node": ">=0.10"
      }
    },
    "node_modules/fast-deep-equal": {
      "version": "3.1.3",
      "resolved": "https://adityadataengg.jfrog.io/artifactory/api/npm/aggregation-demo-npm/fast-deep-equal/-/fast-deep-equal-3.1.3.tgz",
      "integrity": "sha1-On1WtVnWy8PrUSMlJE5hmmXGxSU=",
      "license": "MIT"
    },
    "node_modules/fast-redact": {
      "version": "3.0.2",
      "resolved": "https://adityadataengg.jfrog.io/artifactory/api/npm/aggregation-demo-npm/fast-redact/-/fast-redact-3.0.2.tgz",
      "integrity": "sha1-yUC6cWLd467u/FIpJq6MUjFBKQQ=",
      "license": "MIT",
      "engines": {
        "node": ">=6"
      }
    },
    "node_modules/fast-safe-stringify": {
      "version": "2.1.1",
      "resolved": "https://adityadataengg.jfrog.io/artifactory/api/npm/aggregation-demo-npm/fast-safe-stringify/-/fast-safe-stringify-2.1.1.tgz",
      "integrity": "sha1-xAaoO25w2eNc47MKgRQd8wrrqIQ=",
      "license": "MIT"
    },
    "node_modules/fastify-warning": {
      "version": "0.2.0",
      "resolved": "https://adityadataengg.jfrog.io/artifactory/api/npm/aggregation-demo-npm/fastify-warning/-/fastify-warning-0.2.0.tgz",
      "integrity": "sha1-5xd3YCakST3Jor76RNttF/YYAI8=",
      "license": "MIT"
    },
    "node_modules/flatstr": {
      "version": "1.0.12",
      "resolved": "https://adityadataengg.jfrog.io/artifactory/api/npm/aggregation-demo-npm/flatstr/-/flatstr-1.0.12.tgz",
      "integrity": "sha1-wrpqCBc+27bJZA4wVbleKHzrWTE=",
      "license": "MIT"
    },
    "node_modules/json-schema-traverse": {
      "version": "1.0.0",
      "resolved": "https://adityadataengg.jfrog.io/artifactory/api/npm/aggregation-demo-npm/json-schema-traverse/-/json-schema-traverse-1.0.0.tgz",
      "integrity": "sha1-rnvLNlard6c7pcSb9lTzjmtoYOI=",
      "license": "MIT"
    },
    "node_modules/lodash": {
      "version": "4.17.21",
      "resolved": "https://adityadataengg.jfrog.io/artifactory/api/npm/aggregation-demo-npm/lodash/-/lodash-4.17.21.tgz",
      "integrity": "sha1-Z5WRxWTDv/quhFTPCz3zcMPWkRw=",
      "license": "MIT"
    },
    "node_modules/lodash-es": {
      "version": "4.17.21",
      "resolved": "https://adityadataengg.jfrog.io/artifactory/api/npm/aggregation-demo-npm/lodash-es/-/lodash-es-4.17.21.tgz",
      "integrity": "sha1-Q+YmxG5lkbd1C+srUBFzkMYJ4+4=",
      "license": "MIT"
    },
    "node_modules/nanoclone": {
      "version": "0.2.1",
      "resolved": "https://adityadataengg.jfrog.io/artifactory/api/npm/aggregation-demo-npm/nanoclone/-/nanoclone-0.2.1.tgz",
      "integrity": "sha1-3UCQ+PGhENJrsyxJ7S9bkjUgntQ=",
      "license": "MIT"
    },
    "node_modules/pino": {
      "version": "6.13.2",
      "resolved": "https://adityadataengg.jfrog.io/artifactory/api/npm/aggregation-demo-npm/pino/-/pino-6.13.2.tgz",
      "integrity": "sha1-lIoPytymaPO1+4pCfyhUsIZh7M8=",
      "license": "MIT",
      "dependencies": {
        "fast-redact": "^3.0.0",
        "fast-safe-stringify": "^2.0.8",
        "fastify-warning": "^0.2.0",
        "flatstr": "^1.0.12",
        "pino-std-serializers": "^3.1.0",
        "quick-format-unescaped": "^4.0.3",
        "sonic-boom": "^1.0.2"
      },
      "bin": {
        "pino": "bin.js"
      }
    },
    "node_modules/pino-std-serializers": {
      "version": "3.2.0",
      "resolved": "https://adityadataengg.jfrog.io/artifactory/api/npm/aggregation-demo-npm/pino-std-serializers/-/pino-std-serializers-3.2.0.tgz",
      "integrity": "sha1-tWSHxALYguuWzWfCV4aAFrYa1nE=",
      "license": "MIT"
    },
    "node_modules/property-expr": {
      "version": "2.0.4",
      "resolved": "https://adityadataengg.jfrog.io/artifactory/api/npm/aggregation-demo-npm/property-expr/-/property-expr-2.0.4.tgz",
      "integrity": "sha1-N7klR45YllAxu2EuxbMmD4JB6RA=",
      "license": "MIT"
    },
    "node_modules/punycode": {
      "version": "2.1.1",
      "resolved": "https://adityadataengg.jfrog.io/artifactory/api/npm/aggregation-demo-npm/punycode/-/punycode-2.1.1.tgz",
      "integrity": "sha1-tYsBCsQMIsVldhbI0sLALHv0eew=",
      "license": "MIT",
      "engines": {
        "node": ">=6"
      }
    },
    "node_modules/quick-format-unescaped": {
      "version": "4.0.3",
      "resolved": "https://adityadataengg.jfrog.io/artifactory/api/npm/aggregation-demo-npm/quick-format-unescaped/-/quick-format-unescaped-4.0.3.tgz",
      "integrity": "sha1-bWtmuCB6orNe7xK+FCG7JMQo9lI=",
      "license": "MIT"
    },
    "node_modules/redis": {
      "version": "3.1.2",
      "resolved": "https://adityadataengg.jfrog.io/artifactory/api/npm/aggregation-demo-npm/redis/-/redis-3.1.2.tgz",
      "integrity": "sha1-dmhREX6AZT0j4O1TYlRnerZHY4w=",
      "license": "MIT",
      "dependencies": {
        "denque": "^1.5.0",
        "redis-commands": "^1.7.0",
        "redis-errors": "^1.2.0",
        "redis-parser": "^3.0.0"
      },
      "engines": {
        "node": ">=10"
      },
      "funding": {
        "type": "opencollective",
        "url": "https://opencollective.com/node-redis"
      }
    },
    "node_modules/redis-commands": {
      "version": "1.7.0",
      "resolved": "https://adityadataengg.jfrog.io/artifactory/api/npm/aggregation-demo-npm/redis-commands/-/redis-commands-1.7.0.tgz",
      "integrity": "sha1-Fab+otWCgeJ7HNGs+0spPieMOok=",
      "license": "MIT"
    },
    "node_modules/redis-errors": {
      "version": "1.2.0",
      "resolved": "https://adityadataengg.jfrog.io/artifactory/api/npm/aggregation-demo-npm/redis-errors/-/redis-errors-1.2.0.tgz",
      "integrity": "sha1-62LSrbFeTq9GEMBK/hUpOEJQq60=",
      "license": "MIT",
      "engines": {
        "node": ">=4"
      }
    },
    "node_modules/redis-parser": {
      "version": "3.0.0",
      "resolved": "https://adityadataengg.jfrog.io/artifactory/api/npm/aggregation-demo-npm/redis-parser/-/redis-parser-3.0.0.tgz",
      "integrity": "sha1-tm2CjNyv5rS4pCin3vTGvKwxyLQ=",
      "license": "MIT",
      "dependencies": {
        "redis-errors": "^1.0.0"
      },
      "engines": {
        "node": ">=4"
      }
    },
    "node_modules/regenerator-runtime": {
      "version": "0.13.9",
      "resolved": "https://adityadataengg.jfrog.io/artifactory/api/npm/aggregation-demo-npm/regenerator-runtime/-/regenerator-runtime-0.13.9.tgz",
      "integrity": "sha1-iSV0Kpj/2QgUmI11Zq0wyjsmO1I=",
      "license": "MIT"
    },
    "node_modules/require-from-string": {
      "version": "2.0.2",
      "resolved": "https://adityadataengg.jfrog.io/artifactory/api/npm/aggregation-demo-npm/require-from-string/-/require-from-string-2.0.2.tgz",
      "integrity": "sha1-iaf92TgmEmcxjq/hT5wy5ZjDaQk=",
      "license": "MIT",
      "engines": {
        "node": ">=0.10.0"
      }
    },
    "node_modules/sonic-boom": {
      "version": "1.4.1",
      "resolved": "https://adityadataengg.jfrog.io/artifactory/api/npm/aggregation-demo-npm/sonic-boom/-/sonic-boom-1.4.1.tgz",
      "integrity": "sha1-011qdAdmJPEub5F63nuddekY9T4=",
      "license": "MIT",
      "dependencies": {
        "atomic-sleep": "^1.0.0",
        "flatstr": "^1.0.12"
      }
    },
    "node_modules/test-package": {
      "version": "0.0.1",
      "resolved": "https://adityadataengg.jfrog.io/artifactory/api/npm/aggregation-demo-npm/test-package/-/test-package-0.0.1.tgz",
      "integrity": "sha1-H+t8Y/q0g+ftQVf1/3O9CsNU+yQ=",
      "license": "ISC"
    },
    "node_modules/toposort": {
      "version": "2.0.2",
      "resolved": "https://adityadataengg.jfrog.io/artifactory/api/npm/aggregation-demo-npm/toposort/-/toposort-2.0.2.tgz",
      "integrity": "sha1-riF2gXXRVZ1IvvNUILL0li8JwzA=",
      "license": "MIT"
    },
    "node_modules/uri-js": {
      "version": "4.4.1",
      "resolved": "https://adityadataengg.jfrog.io/artifactory/api/npm/aggregation-demo-npm/uri-js/-/uri-js-4.4.1.tgz",
      "integrity": "sha1-mxpSWVIlhZ5V9mnZKPiMbFfyp34=",
      "license": "BSD-2-Clause",
      "dependencies": {
        "punycode": "^2.1.0"
      }
    },
    "node_modules/yup": {
      "version": "0.32.9",
      "resolved": "https://adityadataengg.jfrog.io/artifactory/api/npm/aggregation-demo-npm/yup/-/yup-0.32.9.tgz",
      "integrity": "sha1-k2e+xrGw45IR7LylmHAuEGAZ2HI=",
      "license": "MIT",
      "dependencies": {
        "@babel/runtime": "^7.10.5",
        "@types/lodash": "^4.14.165",
        "lodash": "^4.17.20",
        "lodash-es": "^4.17.15",
        "nanoclone": "^0.2.1",
        "property-expr": "^2.0.4",
        "toposort": "^2.0.2"
      },
      "engines": {
        "node": ">=10"
      }
    }
  },
  "dependencies": {
    "@babel/runtime": {
      "version": "7.15.4",
      "resolved": "https://adityadataengg.jfrog.io/artifactory/api/npm/aggregation-demo-npm/@babel/runtime/-/runtime-7.15.4.tgz",
      "integrity": "sha1-/RfRa/34eObdAtGXU6OfqKjZyEo=",
      "requires": {
        "regenerator-runtime": "^0.13.4"
      }
    },
    "@types/lodash": {
      "version": "4.14.172",
      "resolved": "https://adityadataengg.jfrog.io/artifactory/api/npm/aggregation-demo-npm/@types/lodash/-/lodash-4.14.172.tgz",
      "integrity": "sha1-qtd0wo57/Xpn3iVAjgPuWow9Aoo="
    },
    "@types/node": {
      "version": "16.9.1",
      "resolved": "https://adityadataengg.jfrog.io/artifactory/api/npm/aggregation-demo-npm/@types/node/-/node-16.9.1.tgz",
      "integrity": "sha1-BhGzfbQkbJN/7vUp3cwBjPjjVwg=",
      "dev": true
    },
    "@types/redis": {
      "version": "2.8.32",
      "resolved": "https://adityadataengg.jfrog.io/artifactory/api/npm/aggregation-demo-npm/@types/redis/-/redis-2.8.32.tgz",
      "integrity": "sha1-HTQwIZr77hD4z6OJ2tJXGgXs+xE=",
      "dev": true,
      "requires": {
        "@types/node": "*"
      }
    },
    "ajv": {
      "version": "8.6.3",
      "resolved": "https://adityadataengg.jfrog.io/artifactory/api/npm/aggregation-demo-npm/ajv/-/ajv-8.6.3.tgz",
      "integrity": "sha1-EaZlJ3Ydw+mjhF6nddLTwEFOh2Q=",
      "requires": {
        "fast-deep-equal": "^3.1.1",
        "json-schema-traverse": "^1.0.0",
        "require-from-string": "^2.0.2",
        "uri-js": "^4.2.2"
      }
    },
    "ajv-formats": {
      "version": "2.1.1",
      "resolved": "https://adityadataengg.jfrog.io/artifactory/api/npm/aggregation-demo-npm/ajv-formats/-/ajv-formats-2.1.1.tgz",
      "integrity": "sha1-bmaUAGWet0lzu/LjMycYCgmWtSA=",
      "requires": {
        "ajv": "^8.0.0"
      }
    },
    "ajv-keywords": {
      "version": "5.0.0",
      "resolved": "https://adityadataengg.jfrog.io/artifactory/api/npm/aggregation-demo-npm/ajv-keywords/-/ajv-keywords-5.0.0.tgz",
      "integrity": "sha1-0Bs7IXFbL2PQKqURuC/G6zswCDw=",
      "requires": {
        "fast-deep-equal": "^3.1.3"
      }
    },
    "atomic-sleep": {
      "version": "1.0.0",
      "resolved": "https://adityadataengg.jfrog.io/artifactory/api/npm/aggregation-demo-npm/atomic-sleep/-/atomic-sleep-1.0.0.tgz",
      "integrity": "sha1-64W3emAfyTLP5DLFrNNkqeLJB1s="
    },
    "denque": {
      "version": "1.5.1",
      "resolved": "https://adityadataengg.jfrog.io/artifactory/api/npm/aggregation-demo-npm/denque/-/denque-1.5.1.tgz",
      "integrity": "sha1-B/Zw4pyaePj67LJWah4sEZKcXL8="
    },
    "fast-deep-equal": {
      "version": "3.1.3",
      "resolved": "https://adityadataengg.jfrog.io/artifactory/api/npm/aggregation-demo-npm/fast-deep-equal/-/fast-deep-equal-3.1.3.tgz",
      "integrity": "sha1-On1WtVnWy8PrUSMlJE5hmmXGxSU="
    },
    "fast-redact": {
      "version": "3.0.2",
      "resolved": "https://adityadataengg.jfrog.io/artifactory/api/npm/aggregation-demo-npm/fast-redact/-/fast-redact-3.0.2.tgz",
      "integrity": "sha1-yUC6cWLd467u/FIpJq6MUjFBKQQ="
    },
    "fast-safe-stringify": {
      "version": "2.1.1",
      "resolved": "https://adityadataengg.jfrog.io/artifactory/api/npm/aggregation-demo-npm/fast-safe-stringify/-/fast-safe-stringify-2.1.1.tgz",
      "integrity": "sha1-xAaoO25w2eNc47MKgRQd8wrrqIQ="
    },
    "fastify-warning": {
      "version": "0.2.0",
      "resolved": "https://adityadataengg.jfrog.io/artifactory/api/npm/aggregation-demo-npm/fastify-warning/-/fastify-warning-0.2.0.tgz",
      "integrity": "sha1-5xd3YCakST3Jor76RNttF/YYAI8="
    },
    "flatstr": {
      "version": "1.0.12",
      "resolved": "https://adityadataengg.jfrog.io/artifactory/api/npm/aggregation-demo-npm/flatstr/-/flatstr-1.0.12.tgz",
      "integrity": "sha1-wrpqCBc+27bJZA4wVbleKHzrWTE="
    },
    "json-schema-traverse": {
      "version": "1.0.0",
      "resolved": "https://adityadataengg.jfrog.io/artifactory/api/npm/aggregation-demo-npm/json-schema-traverse/-/json-schema-traverse-1.0.0.tgz",
      "integrity": "sha1-rnvLNlard6c7pcSb9lTzjmtoYOI="
    },
    "lodash": {
      "version": "4.17.21",
      "resolved": "https://adityadataengg.jfrog.io/artifactory/api/npm/aggregation-demo-npm/lodash/-/lodash-4.17.21.tgz",
      "integrity": "sha1-Z5WRxWTDv/quhFTPCz3zcMPWkRw="
    },
    "lodash-es": {
      "version": "4.17.21",
      "resolved": "https://adityadataengg.jfrog.io/artifactory/api/npm/aggregation-demo-npm/lodash-es/-/lodash-es-4.17.21.tgz",
      "integrity": "sha1-Q+YmxG5lkbd1C+srUBFzkMYJ4+4="
    },
    "nanoclone": {
      "version": "0.2.1",
      "resolved": "https://adityadataengg.jfrog.io/artifactory/api/npm/aggregation-demo-npm/nanoclone/-/nanoclone-0.2.1.tgz",
      "integrity": "sha1-3UCQ+PGhENJrsyxJ7S9bkjUgntQ="
    },
    "pino": {
      "version": "6.13.2",
      "resolved": "https://adityadataengg.jfrog.io/artifactory/api/npm/aggregation-demo-npm/pino/-/pino-6.13.2.tgz",
      "integrity": "sha1-lIoPytymaPO1+4pCfyhUsIZh7M8=",
      "requires": {
        "fast-redact": "^3.0.0",
        "fast-safe-stringify": "^2.0.8",
        "fastify-warning": "^0.2.0",
        "flatstr": "^1.0.12",
        "pino-std-serializers": "^3.1.0",
        "quick-format-unescaped": "^4.0.3",
        "sonic-boom": "^1.0.2"
      }
    },
    "pino-std-serializers": {
      "version": "3.2.0",
      "resolved": "https://adityadataengg.jfrog.io/artifactory/api/npm/aggregation-demo-npm/pino-std-serializers/-/pino-std-serializers-3.2.0.tgz",
      "integrity": "sha1-tWSHxALYguuWzWfCV4aAFrYa1nE="
    },
    "property-expr": {
      "version": "2.0.4",
      "resolved": "https://adityadataengg.jfrog.io/artifactory/api/npm/aggregation-demo-npm/property-expr/-/property-expr-2.0.4.tgz",
      "integrity": "sha1-N7klR45YllAxu2EuxbMmD4JB6RA="
    },
    "punycode": {
      "version": "2.1.1",
      "resolved": "https://adityadataengg.jfrog.io/artifactory/api/npm/aggregation-demo-npm/punycode/-/punycode-2.1.1.tgz",
      "integrity": "sha1-tYsBCsQMIsVldhbI0sLALHv0eew="
    },
    "quick-format-unescaped": {
      "version": "4.0.3",
      "resolved": "https://adityadataengg.jfrog.io/artifactory/api/npm/aggregation-demo-npm/quick-format-unescaped/-/quick-format-unescaped-4.0.3.tgz",
      "integrity": "sha1-bWtmuCB6orNe7xK+FCG7JMQo9lI="
    },
    "redis": {
      "version": "3.1.2",
      "resolved": "https://adityadataengg.jfrog.io/artifactory/api/npm/aggregation-demo-npm/redis/-/redis-3.1.2.tgz",
      "integrity": "sha1-dmhREX6AZT0j4O1TYlRnerZHY4w=",
      "requires": {
        "denque": "^1.5.0",
        "redis-commands": "^1.7.0",
        "redis-errors": "^1.2.0",
        "redis-parser": "^3.0.0"
      }
    },
    "redis-commands": {
      "version": "1.7.0",
      "resolved": "https://adityadataengg.jfrog.io/artifactory/api/npm/aggregation-demo-npm/redis-commands/-/redis-commands-1.7.0.tgz",
      "integrity": "sha1-Fab+otWCgeJ7HNGs+0spPieMOok="
    },
    "redis-errors": {
      "version": "1.2.0",
      "resolved": "https://adityadataengg.jfrog.io/artifactory/api/npm/aggregation-demo-npm/redis-errors/-/redis-errors-1.2.0.tgz",
      "integrity": "sha1-62LSrbFeTq9GEMBK/hUpOEJQq60="
    },
    "redis-parser": {
      "version": "3.0.0",
      "resolved": "https://adityadataengg.jfrog.io/artifactory/api/npm/aggregation-demo-npm/redis-parser/-/redis-parser-3.0.0.tgz",
      "integrity": "sha1-tm2CjNyv5rS4pCin3vTGvKwxyLQ=",
      "requires": {
        "redis-errors": "^1.0.0"
      }
    },
    "regenerator-runtime": {
      "version": "0.13.9",
      "resolved": "https://adityadataengg.jfrog.io/artifactory/api/npm/aggregation-demo-npm/regenerator-runtime/-/regenerator-runtime-0.13.9.tgz",
      "integrity": "sha1-iSV0Kpj/2QgUmI11Zq0wyjsmO1I="
    },
    "require-from-string": {
      "version": "2.0.2",
      "resolved": "https://adityadataengg.jfrog.io/artifactory/api/npm/aggregation-demo-npm/require-from-string/-/require-from-string-2.0.2.tgz",
      "integrity": "sha1-iaf92TgmEmcxjq/hT5wy5ZjDaQk="
    },
    "sonic-boom": {
      "version": "1.4.1",
      "resolved": "https://adityadataengg.jfrog.io/artifactory/api/npm/aggregation-demo-npm/sonic-boom/-/sonic-boom-1.4.1.tgz",
      "integrity": "sha1-011qdAdmJPEub5F63nuddekY9T4=",
      "requires": {
        "atomic-sleep": "^1.0.0",
        "flatstr": "^1.0.12"
      }
    },
    "test-package": {
      "version": "0.0.1",
      "resolved": "https://adityadataengg.jfrog.io/artifactory/api/npm/aggregation-demo-npm/test-package/-/test-package-0.0.1.tgz",
      "integrity": "sha1-H+t8Y/q0g+ftQVf1/3O9CsNU+yQ="
    },
    "toposort": {
      "version": "2.0.2",
      "resolved": "https://adityadataengg.jfrog.io/artifactory/api/npm/aggregation-demo-npm/toposort/-/toposort-2.0.2.tgz",
      "integrity": "sha1-riF2gXXRVZ1IvvNUILL0li8JwzA="
    },
    "uri-js": {
      "version": "4.4.1",
      "resolved": "https://adityadataengg.jfrog.io/artifactory/api/npm/aggregation-demo-npm/uri-js/-/uri-js-4.4.1.tgz",
      "integrity": "sha1-mxpSWVIlhZ5V9mnZKPiMbFfyp34=",
      "requires": {
        "punycode": "^2.1.0"
      }
    },
    "yup": {
      "version": "0.32.9",
      "resolved": "https://adityadataengg.jfrog.io/artifactory/api/npm/aggregation-demo-npm/yup/-/yup-0.32.9.tgz",
      "integrity": "sha1-k2e+xrGw45IR7LylmHAuEGAZ2HI=",
      "requires": {
        "@babel/runtime": "^7.10.5",
        "@types/lodash": "^4.14.165",
        "lodash": "^4.17.20",
        "lodash-es": "^4.17.15",
        "nanoclone": "^0.2.1",
        "property-expr": "^2.0.4",
        "toposort": "^2.0.2"
      }
    }
  }
}
